
Microsoft Visual Studio Solution File, Format Version 12.00
# Visual Studio Version 17
VisualStudioVersion = 17.12.35707.178
MinimumVisualStudioVersion = 10.0.40219.1
Project("{FAE04EC0-301F-11D3-BF4B-00C04F79EFBC}") = "WindowsFormsApp", "WindowsFormsApp\WindowsFormsApp.csproj", "{10DAF6DC-12E9-4F37-A0C1-BDBDCC3F7C8A}"
EndProject
Global
	GlobalSection(SolutionConfigurationPlatforms) = preSolution
		Debug|Any CPU = Debug|Any CPU
		Release|Any CPU = Release|Any CPU
	EndGlobalSection
	GlobalSection(ProjectConfigurationPlatforms) = postSolution
		{10DAF6DC-12E9-4F37-A0C1-BDBDCC3F7C8A}.Debug|Any CPU.ActiveCfg = Debug|Any CPU
		{10DAF6DC-12E9-4F37-A0C1-BDBDCC3F7C8A}.Debug|Any CPU.Build.0 = Debug|Any CPU
		{10DAF6DC-12E9-4F37-A0C1-BDBDCC3F7C8A}.Release|Any CPU.ActiveCfg = Release|Any CPU
		{10DAF6DC-12E9-4F37-A0C1-BDBDCC3F7C8A}.Release|Any CPU.Build.0 = Release|Any CPU
	EndGlobalSection
	GlobalSection(SolutionProperties) = preSolution
		HideSolutionNode = FALSE
	EndGlobalSection
	GlobalSection(ExtensibilityGlobals) = postSolution
		SolutionGuid = {64F43AAC-E38A-4A00-B0A0-C641654D79CA}
	EndGlobalSection
EndGlobal
